
Microsoft Visual Studio Solution File, Format Version 12.00
# Visual Studio Version 16
VisualStudioVersion = 16.0.31205.134
MinimumVisualStudioVersion = 10.0.40219.1
Project("{FAE04EC0-301F-11D3-BF4B-00C04F79EFBC}") = "HelloWorld", "HelloWorld.csproj", "{C7FEAAB5-6D31-4E8E-AB21-0FCB933F7E8D}"
EndProject
Global
	GlobalSection(SolutionConfigurationPlatforms) = preSolution
		Debug|Any CPU = Debug|Any CPU
		Release|Any CPU = Release|Any CPU
	EndGlobalSection
	GlobalSection(ProjectConfigurationPlatforms) = postSolution
		{C7FEAAB5-6D31-4E8E-AB21-0FCB933F7E8D}.Debug|Any CPU.ActiveCfg = Debug|Any CPU
		{C7FEAAB5-6D31-4E8E-AB21-0FCB933F7E8D}.Debug|Any CPU.Build.0 = Debug|Any CPU
		{C7FEAAB5-6D31-4E8E-AB21-0FCB933F7E8D}.Release|Any CPU.ActiveCfg = Release|Any CPU
		{C7FEAAB5-6D31-4E8E-AB21-0FCB933F7E8D}.Release|Any CPU.Build.0 = Release|Any CPU
	EndGlobalSection
	GlobalSection(SolutionProperties) = preSolution
		HideSolutionNode = FALSE
	EndGlobalSection
	GlobalSection(ExtensibilityGlobals) = postSolution
		SolutionGuid = {E328D975-0AD3-4A45-8672-DF17AC570B28}
	EndGlobalSection
EndGlobal
